
Microsoft Visual Studio Solution File, Format Version 12.00
# Visual Studio Version 17
VisualStudioVersion = 17.0.31903.59
MinimumVisualStudioVersion = 10.0.40219.1
Project("{2150E333-8FDC-42A3-9474-1A3956D46DE8}") = "src", "src", "{12D320D7-1B01-46C4-8912-118343B4B03F}"
EndProject
Project("{FAE04EC0-301F-11D3-BF4B-00C04F79EFBC}") = "WhiteSpace.Api", "src\WhiteSpace.Api\WhiteSpace.Api.csproj", "{64E01180-3AEE-470D-95AC-C4BADC4CD830}"
EndProject
Project("{FAE04EC0-301F-11D3-BF4B-00C04F79EFBC}") = "WhiteSpace.Domain", "src\WhiteSpace.Domain\WhiteSpace.Domain.csproj", "{FB578C3F-36D9-4929-860C-E41EE4276D73}"
EndProject
Project("{FAE04EC0-301F-11D3-BF4B-00C04F79EFBC}") = "WhiteSpace.Infrastructure", "src\WhiteSpace.Infrastructure\WhiteSpace.Infrastructure.csproj", "{0347F0CA-9DFF-49E4-B540-737292476041}"
EndProject
Project("{2150E333-8FDC-42A3-9474-1A3956D46DE8}") = "tests", "tests", "{2ABB77FB-44BA-4FDC-A7FF-0DB960A6C99C}"
EndProject
Project("{FAE04EC0-301F-11D3-BF4B-00C04F79EFBC}") = "WhiteSpace.Tests", "tests\WhiteSpace.Tests\WhiteSpace.Tests.csproj", "{64093AEF-28F5-4924-8491-991BF87D3733}"
EndProject
Global
	GlobalSection(SolutionConfigurationPlatforms) = preSolution
		Debug|Any CPU = Debug|Any CPU
		Release|Any CPU = Release|Any CPU
	EndGlobalSection
	GlobalSection(SolutionProperties) = preSolution
		HideSolutionNode = FALSE
	EndGlobalSection
	GlobalSection(ProjectConfigurationPlatforms) = postSolution
		{64E01180-3AEE-470D-95AC-C4BADC4CD830}.Debug|Any CPU.ActiveCfg = Debug|Any CPU
		{64E01180-3AEE-470D-95AC-C4BADC4CD830}.Debug|Any CPU.Build.0 = Debug|Any CPU
		{64E01180-3AEE-470D-95AC-C4BADC4CD830}.Release|Any CPU.ActiveCfg = Release|Any CPU
		{64E01180-3AEE-470D-95AC-C4BADC4CD830}.Release|Any CPU.Build.0 = Release|Any CPU
		{FB578C3F-36D9-4929-860C-E41EE4276D73}.Debug|Any CPU.ActiveCfg = Debug|Any CPU
		{FB578C3F-36D9-4929-860C-E41EE4276D73}.Debug|Any CPU.Build.0 = Debug|Any CPU
		{FB578C3F-36D9-4929-860C-E41EE4276D73}.Release|Any CPU.ActiveCfg = Release|Any CPU
		{FB578C3F-36D9-4929-860C-E41EE4276D73}.Release|Any CPU.Build.0 = Release|Any CPU
		{0347F0CA-9DFF-49E4-B540-737292476041}.Debug|Any CPU.ActiveCfg = Debug|Any CPU
		{0347F0CA-9DFF-49E4-B540-737292476041}.Debug|Any CPU.Build.0 = Debug|Any CPU
		{0347F0CA-9DFF-49E4-B540-737292476041}.Release|Any CPU.ActiveCfg = Release|Any CPU
		{0347F0CA-9DFF-49E4-B540-737292476041}.Release|Any CPU.Build.0 = Release|Any CPU
		{64093AEF-28F5-4924-8491-991BF87D3733}.Debug|Any CPU.ActiveCfg = Debug|Any CPU
		{64093AEF-28F5-4924-8491-991BF87D3733}.Debug|Any CPU.Build.0 = Debug|Any CPU
		{64093AEF-28F5-4924-8491-991BF87D3733}.Release|Any CPU.ActiveCfg = Release|Any CPU
		{64093AEF-28F5-4924-8491-991BF87D3733}.Release|Any CPU.Build.0 = Release|Any CPU
	EndGlobalSection
	GlobalSection(NestedProjects) = preSolution
		{64E01180-3AEE-470D-95AC-C4BADC4CD830} = {12D320D7-1B01-46C4-8912-118343B4B03F}
		{FB578C3F-36D9-4929-860C-E41EE4276D73} = {12D320D7-1B01-46C4-8912-118343B4B03F}
		{0347F0CA-9DFF-49E4-B540-737292476041} = {12D320D7-1B01-46C4-8912-118343B4B03F}
		{64093AEF-28F5-4924-8491-991BF87D3733} = {2ABB77FB-44BA-4FDC-A7FF-0DB960A6C99C}
	EndGlobalSection
EndGlobal
